// !$*UTF8*$!
{
	archiveVersion = 1;
	classes = {
	};
	objectVersion = 56;
	objects = {

/* Begin PBXBuildFile section */
		066FFCD72AC7B44000237A46 /* AFJ_Visual_SwiftApp.swift in Sources */ = {isa = PBXBuildFile; fileRef = 066FFCD62AC7B44000237A46 /* AFJ_Visual_SwiftApp.swift */; };
		066FFCD92AC7B44000237A46 /* ContentView.swift in Sources */ = {isa = PBXBuildFile; fileRef = 066FFCD82AC7B44000237A46 /* ContentView.swift */; };
		066FFCDB2AC7B44200237A46 /* Assets.xcassets in Resources */ = {isa = PBXBuildFile; fileRef = 066FFCDA2AC7B44200237A46 /* Assets.xcassets */; };
		066FFCDE2AC7B44200237A46 /* Preview Assets.xcassets in Resources */ = {isa = PBXBuildFile; fileRef = 066FFCDD2AC7B44200237A46 /* Preview Assets.xcassets */; };
		066FFCE02AC7B44200237A46 /* Persistence.swift in Sources */ = {isa = PBXBuildFile; fileRef = 066FFCDF2AC7B44200237A46 /* Persistence.swift */; };
		066FFCE32AC7B44200237A46 /* AFJ_Visual_Swift.xcdatamodeld in Sources */ = {isa = PBXBuildFile; fileRef = 066FFCE12AC7B44200237A46 /* AFJ_Visual_Swift.xcdatamodeld */; };
		066FFCEE2AC7B44300237A46 /* AFJ_Visual_SwiftTests.swift in Sources */ = {isa = PBXBuildFile; fileRef = 066FFCED2AC7B44300237A46 /* AFJ_Visual_SwiftTests.swift */; };
		066FFCF82AC7B44300237A46 /* AFJ_Visual_SwiftUITests.swift in Sources */ = {isa = PBXBuildFile; fileRef = 066FFCF72AC7B44300237A46 /* AFJ_Visual_SwiftUITests.swift */; };
		066FFCFA2AC7B44300237A46 /* AFJ_Visual_SwiftUITestsLaunchTests.swift in Sources */ = {isa = PBXBuildFile; fileRef = 066FFCF92AC7B44300237A46 /* AFJ_Visual_SwiftUITestsLaunchTests.swift */; };
		1CBA356648673DA5C4FA6E0A /* Pods_AFJ_Visual_Swift_AFJ_Visual_SwiftUITests.framework in Frameworks */ = {isa = PBXBuildFile; fileRef = FA778CD07818BFDED98631A8 /* Pods_AFJ_Visual_Swift_AFJ_Visual_SwiftUITests.framework */; };
		2FF6108842103D50364CE022 /* Pods_AFJ_Visual_SwiftTests.framework in Frameworks */ = {isa = PBXBuildFile; fileRef = 7B270961740369AFBB955AC3 /* Pods_AFJ_Visual_SwiftTests.framework */; };
		40D30B21A8682BE535560639 /* Pods_AFJ_Visual_Swift.framework in Frameworks */ = {isa = PBXBuildFile; fileRef = B744617829E78DF9E96CDE8D /* Pods_AFJ_Visual_Swift.framework */; };
/* End PBXBuildFile section */

/* Begin PBXContainerItemProxy section */
		066FFCEA2AC7B44300237A46 /* PBXContainerItemProxy */ = {
			isa = PBXContainerItemProxy;
			containerPortal = 066FFCCB2AC7B44000237A46 /* Project object */;
			proxyType = 1;
			remoteGlobalIDString = 066FFCD22AC7B44000237A46;
			remoteInfo = "AFJ-Visual-Swift";
		};
		066FFCF42AC7B44300237A46 /* PBXContainerItemProxy */ = {
			isa = PBXContainerItemProxy;
			containerPortal = 066FFCCB2AC7B44000237A46 /* Project object */;
			proxyType = 1;
			remoteGlobalIDString = 066FFCD22AC7B44000237A46;
			remoteInfo = "AFJ-Visual-Swift";
		};
/* End PBXContainerItemProxy section */

/* Begin PBXFileReference section */
		066FFCD32AC7B44000237A46 /* AFJ-Visual-Swift.app */ = {isa = PBXFileReference; explicitFileType = wrapper.application; includeInIndex = 0; path = "AFJ-Visual-Swift.app"; sourceTree = BUILT_PRODUCTS_DIR; };
		066FFCD62AC7B44000237A46 /* AFJ_Visual_SwiftApp.swift */ = {isa = PBXFileReference; lastKnownFileType = sourcecode.swift; path = AFJ_Visual_SwiftApp.swift; sourceTree = "<group>"; };
		066FFCD82AC7B44000237A46 /* ContentView.swift */ = {isa = PBXFileReference; lastKnownFileType = sourcecode.swift; path = ContentView.swift; sourceTree = "<group>"; };
		066FFCDA2AC7B44200237A46 /* Assets.xcassets */ = {isa = PBXFileReference; lastKnownFileType = folder.assetcatalog; path = Assets.xcassets; sourceTree = "<group>"; };
		066FFCDD2AC7B44200237A46 /* Preview Assets.xcassets */ = {isa = PBXFileReference; lastKnownFileType = folder.assetcatalog; path = "Preview Assets.xcassets"; sourceTree = "<group>"; };
		066FFCDF2AC7B44200237A46 /* Persistence.swift */ = {isa = PBXFileReference; lastKnownFileType = sourcecode.swift; path = Persistence.swift; sourceTree = "<group>"; };
		066FFCE22AC7B44200237A46 /* AFJ_Visual_Swift.xcdatamodel */ = {isa = PBXFileReference; lastKnownFileType = wrapper.xcdatamodel; path = AFJ_Visual_Swift.xcdatamodel; sourceTree = "<group>"; };
		066FFCE42AC7B44200237A46 /* Info.plist */ = {isa = PBXFileReference; lastKnownFileType = text.plist.xml; path = Info.plist; sourceTree = "<group>"; };
		066FFCE92AC7B44300237A46 /* AFJ-Visual-SwiftTests.xctest */ = {isa = PBXFileReference; explicitFileType = wrapper.cfbundle; includeInIndex = 0; path = "AFJ-Visual-SwiftTests.xctest"; sourceTree = BUILT_PRODUCTS_DIR; };
		066FFCED2AC7B44300237A46 /* AFJ_Visual_SwiftTests.swift */ = {isa = PBXFileReference; lastKnownFileType = sourcecode.swift; path = AFJ_Visual_SwiftTests.swift; sourceTree = "<group>"; };
		066FFCF32AC7B44300237A46 /* AFJ-Visual-SwiftUITests.xctest */ = {isa = PBXFileReference; explicitFileType = wrapper.cfbundle; includeInIndex = 0; path = "AFJ-Visual-SwiftUITests.xctest"; sourceTree = BUILT_PRODUCTS_DIR; };
		066FFCF72AC7B44300237A46 /* AFJ_Visual_SwiftUITests.swift */ = {isa = PBXFileReference; lastKnownFileType = sourcecode.swift; path = AFJ_Visual_SwiftUITests.swift; sourceTree = "<group>"; };
		066FFCF92AC7B44300237A46 /* AFJ_Visual_SwiftUITestsLaunchTests.swift */ = {isa = PBXFileReference; lastKnownFileType = sourcecode.swift; path = AFJ_Visual_SwiftUITestsLaunchTests.swift; sourceTree = "<group>"; };
		076CE67088EC396D38E2C0FF /* Pods-AFJ-Visual-SwiftTests.release.xcconfig */ = {isa = PBXFileReference; includeInIndex = 1; lastKnownFileType = text.xcconfig; name = "Pods-AFJ-Visual-SwiftTests.release.xcconfig"; path = "Target Support Files/Pods-AFJ-Visual-SwiftTests/Pods-AFJ-Visual-SwiftTests.release.xcconfig"; sourceTree = "<group>"; };
		10C7E3A5BCD52A274BDF4082 /* Pods-AFJ-Visual-Swift.release.xcconfig */ = {isa = PBXFileReference; includeInIndex = 1; lastKnownFileType = text.xcconfig; name = "Pods-AFJ-Visual-Swift.release.xcconfig"; path = "Target Support Files/Pods-AFJ-Visual-Swift/Pods-AFJ-Visual-Swift.release.xcconfig"; sourceTree = "<group>"; };
		28930ECAEEB76BC4005A16C7 /* Pods-AFJ-Visual-SwiftTests.debug.xcconfig */ = {isa = PBXFileReference; includeInIndex = 1; lastKnownFileType = text.xcconfig; name = "Pods-AFJ-Visual-SwiftTests.debug.xcconfig"; path = "Target Support Files/Pods-AFJ-Visual-SwiftTests/Pods-AFJ-Visual-SwiftTests.debug.xcconfig"; sourceTree = "<group>"; };
		30B1A7437DBAEE82F025449C /* Pods-AFJ-Visual-Swift-AFJ-Visual-SwiftUITests.release.xcconfig */ = {isa = PBXFileReference; includeInIndex = 1; lastKnownFileType = text.xcconfig; name = "Pods-AFJ-Visual-Swift-AFJ-Visual-SwiftUITests.release.xcconfig"; path = "Target Support Files/Pods-AFJ-Visual-Swift-AFJ-Visual-SwiftUITests/Pods-AFJ-Visual-Swift-AFJ-Visual-SwiftUITests.release.xcconfig"; sourceTree = "<group>"; };
		64D67DA6A4F4458A9CC1F958 /* Pods-AFJ-Visual-Swift-AFJ-Visual-SwiftUITests.debug.xcconfig */ = {isa = PBXFileReference; includeInIndex = 1; lastKnownFileType = text.xcconfig; name = "Pods-AFJ-Visual-Swift-AFJ-Visual-SwiftUITests.debug.xcconfig"; path = "Target Support Files/Pods-AFJ-Visual-Swift-AFJ-Visual-SwiftUITests/Pods-AFJ-Visual-Swift-AFJ-Visual-SwiftUITests.debug.xcconfig"; sourceTree = "<group>"; };
		7B270961740369AFBB955AC3 /* Pods_AFJ_Visual_SwiftTests.framework */ = {isa = PBXFileReference; explicitFileType = wrapper.framework; includeInIndex = 0; path = Pods_AFJ_Visual_SwiftTests.framework; sourceTree = BUILT_PRODUCTS_DIR; };
		A069F186FA59B1CB7A54BC96 /* Pods-AFJ-Visual-Swift.debug.xcconfig */ = {isa = PBXFileReference; includeInIndex = 1; lastKnownFileType = text.xcconfig; name = "Pods-AFJ-Visual-Swift.debug.xcconfig"; path = "Target Support Files/Pods-AFJ-Visual-Swift/Pods-AFJ-Visual-Swift.debug.xcconfig"; sourceTree = "<group>"; };
		B744617829E78DF9E96CDE8D /* Pods_AFJ_Visual_Swift.framework */ = {isa = PBXFileReference; explicitFileType = wrapper.framework; includeInIndex = 0; path = Pods_AFJ_Visual_Swift.framework; sourceTree = BUILT_PRODUCTS_DIR; };
		FA778CD07818BFDED98631A8 /* Pods_AFJ_Visual_Swift_AFJ_Visual_SwiftUITests.framework */ = {isa = PBXFileReference; explicitFileType = wrapper.framework; includeInIndex = 0; path = Pods_AFJ_Visual_Swift_AFJ_Visual_SwiftUITests.framework; sourceTree = BUILT_PRODUCTS_DIR; };
/* End PBXFileReference section */

/* Begin PBXFrameworksBuildPhase section */
		066FFCD02AC7B44000237A46 /* Frameworks */ = {
			isa = PBXFrameworksBuildPhase;
			buildActionMask = 2147483647;
			files = (
				40D30B21A8682BE535560639 /* Pods_AFJ_Visual_Swift.framework in Frameworks */,
			);
			runOnlyForDeploymentPostprocessing = 0;
		};
		066FFCE62AC7B44300237A46 /* Frameworks */ = {
			isa = PBXFrameworksBuildPhase;
			buildActionMask = 2147483647;
			files = (
				2FF6108842103D50364CE022 /* Pods_AFJ_Visual_SwiftTests.framework in Frameworks */,
			);
			runOnlyForDeploymentPostprocessing = 0;
		};
		066FFCF02AC7B44300237A46 /* Frameworks */ = {
			isa = PBXFrameworksBuildPhase;
			buildActionMask = 2147483647;
			files = (
				1CBA356648673DA5C4FA6E0A /* Pods_AFJ_Visual_Swift_AFJ_Visual_SwiftUITests.framework in Frameworks */,
			);
			runOnlyForDeploymentPostprocessing = 0;
		};
/* End PBXFrameworksBuildPhase section */

/* Begin PBXGroup section */
		066FFCCA2AC7B44000237A46 = {
			isa = PBXGroup;
			children = (
				066FFCD52AC7B44000237A46 /* AFJ-Visual-Swift */,
				066FFCEC2AC7B44300237A46 /* AFJ-Visual-SwiftTests */,
				066FFCF62AC7B44300237A46 /* AFJ-Visual-SwiftUITests */,
				066FFCD42AC7B44000237A46 /* Products */,
				0FFD0FE44C89BE9626DAF783 /* Pods */,
				B01D4D5B1275225A171AA789 /* Frameworks */,
			);
			sourceTree = "<group>";
		};
		066FFCD42AC7B44000237A46 /* Products */ = {
			isa = PBXGroup;
			children = (
				066FFCD32AC7B44000237A46 /* AFJ-Visual-Swift.app */,
				066FFCE92AC7B44300237A46 /* AFJ-Visual-SwiftTests.xctest */,
				066FFCF32AC7B44300237A46 /* AFJ-Visual-SwiftUITests.xctest */,
			);
			name = Products;
			sourceTree = "<group>";
		};
		066FFCD52AC7B44000237A46 /* AFJ-Visual-Swift */ = {
			isa = PBXGroup;
			children = (
				066FFCD62AC7B44000237A46 /* AFJ_Visual_SwiftApp.swift */,
				066FFCD82AC7B44000237A46 /* ContentView.swift */,
				066FFCDA2AC7B44200237A46 /* Assets.xcassets */,
				066FFCDF2AC7B44200237A46 /* Persistence.swift */,
				066FFCE42AC7B44200237A46 /* Info.plist */,
				066FFCE12AC7B44200237A46 /* AFJ_Visual_Swift.xcdatamodeld */,
				066FFCDC2AC7B44200237A46 /* Preview Content */,
			);
			path = "AFJ-Visual-Swift";
			sourceTree = "<group>";
		};
		066FFCDC2AC7B44200237A46 /* Preview Content */ = {
			isa = PBXGroup;
			children = (
				066FFCDD2AC7B44200237A46 /* Preview Assets.xcassets */,
			);
			path = "Preview Content";
			sourceTree = "<group>";
		};
		066FFCEC2AC7B44300237A46 /* AFJ-Visual-SwiftTests */ = {
			isa = PBXGroup;
			children = (
				066FFCED2AC7B44300237A46 /* AFJ_Visual_SwiftTests.swift */,
			);
			path = "AFJ-Visual-SwiftTests";
			sourceTree = "<group>";
		};
		066FFCF62AC7B44300237A46 /* AFJ-Visual-SwiftUITests */ = {
			isa = PBXGroup;
			children = (
				066FFCF72AC7B44300237A46 /* AFJ_Visual_SwiftUITests.swift */,
				066FFCF92AC7B44300237A46 /* AFJ_Visual_SwiftUITestsLaunchTests.swift */,
			);
			path = "AFJ-Visual-SwiftUITests";
			sourceTree = "<group>";
		};
		0FFD0FE44C89BE9626DAF783 /* Pods */ = {
			isa = PBXGroup;
			children = (
				A069F186FA59B1CB7A54BC96 /* Pods-AFJ-Visual-Swift.debug.xcconfig */,
				10C7E3A5BCD52A274BDF4082 /* Pods-AFJ-Visual-Swift.release.xcconfig */,
				64D67DA6A4F4458A9CC1F958 /* Pods-AFJ-Visual-Swift-AFJ-Visual-SwiftUITests.debug.xcconfig */,
				30B1A7437DBAEE82F025449C /* Pods-AFJ-Visual-Swift-AFJ-Visual-SwiftUITests.release.xcconfig */,
				28930ECAEEB76BC4005A16C7 /* Pods-AFJ-Visual-SwiftTests.debug.xcconfig */,
				076CE67088EC396D38E2C0FF /* Pods-AFJ-Visual-SwiftTests.release.xcconfig */,
			);
			path = Pods;
			sourceTree = "<group>";
		};
		B01D4D5B1275225A171AA789 /* Frameworks */ = {
			isa = PBXGroup;
			children = (
				B744617829E78DF9E96CDE8D /* Pods_AFJ_Visual_Swift.framework */,
				FA778CD07818BFDED98631A8 /* Pods_AFJ_Visual_Swift_AFJ_Visual_SwiftUITests.framework */,
				7B270961740369AFBB955AC3 /* Pods_AFJ_Visual_SwiftTests.framework */,
			);
			name = Frameworks;
			sourceTree = "<group>";
		};
/* End PBXGroup section */

/* Begin PBXNativeTarget section */
		066FFCD22AC7B44000237A46 /* AFJ-Visual-Swift */ = {
			isa = PBXNativeTarget;
			buildConfigurationList = 066FFCFD2AC7B44300237A46 /* Build configuration list for PBXNativeTarget "AFJ-Visual-Swift" */;
			buildPhases = (
				F53E145E497C6BEE94EFDE86 /* [CP] Check Pods Manifest.lock */,
				066FFCCF2AC7B44000237A46 /* Sources */,
				066FFCD02AC7B44000237A46 /* Frameworks */,
				066FFCD12AC7B44000237A46 /* Resources */,
			);
			buildRules = (
			);
			dependencies = (
			);
			name = "AFJ-Visual-Swift";
			productName = "AFJ-Visual-Swift";
			productReference = 066FFCD32AC7B44000237A46 /* AFJ-Visual-Swift.app */;
			productType = "com.apple.product-type.application";
		};
		066FFCE82AC7B44300237A46 /* AFJ-Visual-SwiftTests */ = {
			isa = PBXNativeTarget;
			buildConfigurationList = 066FFD002AC7B44300237A46 /* Build configuration list for PBXNativeTarget "AFJ-Visual-SwiftTests" */;
			buildPhases = (
				A16C838B4090694591951D1E /* [CP] Check Pods Manifest.lock */,
				066FFCE52AC7B44300237A46 /* Sources */,
				066FFCE62AC7B44300237A46 /* Frameworks */,
				066FFCE72AC7B44300237A46 /* Resources */,
			);
			buildRules = (
			);
			dependencies = (
				066FFCEB2AC7B44300237A46 /* PBXTargetDependency */,
			);
			name = "AFJ-Visual-SwiftTests";
			productName = "AFJ-Visual-SwiftTests";
			productReference = 066FFCE92AC7B44300237A46 /* AFJ-Visual-SwiftTests.xctest */;
			productType = "com.apple.product-type.bundle.unit-test";
		};
		066FFCF22AC7B44300237A46 /* AFJ-Visual-SwiftUITests */ = {
			isa = PBXNativeTarget;
			buildConfigurationList = 066FFD032AC7B44300237A46 /* Build configuration list for PBXNativeTarget "AFJ-Visual-SwiftUITests" */;
			buildPhases = (
				55339C8E47A8ACE7748C1044 /* [CP] Check Pods Manifest.lock */,
				066FFCEF2AC7B44300237A46 /* Sources */,
				066FFCF02AC7B44300237A46 /* Frameworks */,
				066FFCF12AC7B44300237A46 /* Resources */,
			);
			buildRules = (
			);
			dependencies = (
				066FFCF52AC7B44300237A46 /* PBXTargetDependency */,
			);
			name = "AFJ-Visual-SwiftUITests";
			productName = "AFJ-Visual-SwiftUITests";
			productReference = 066FFCF32AC7B44300237A46 /* AFJ-Visual-SwiftUITests.xctest */;
			productType = "com.apple.product-type.bundle.ui-testing";
		};
/* End PBXNativeTarget section */

/* Begin PBXProject section */
		066FFCCB2AC7B44000237A46 /* Project object */ = {
			isa = PBXProject;
			attributes = {
				BuildIndependentTargetsInParallel = 1;
				LastSwiftUpdateCheck = 1420;
				LastUpgradeCheck = 1420;
				TargetAttributes = {
					066FFCD22AC7B44000237A46 = {
						CreatedOnToolsVersion = 14.2;
					};
					066FFCE82AC7B44300237A46 = {
						CreatedOnToolsVersion = 14.2;
						TestTargetID = 066FFCD22AC7B44000237A46;
					};
					066FFCF22AC7B44300237A46 = {
						CreatedOnToolsVersion = 14.2;
						TestTargetID = 066FFCD22AC7B44000237A46;
					};
				};
			};
			buildConfigurationList = 066FFCCE2AC7B44000237A46 /* Build configuration list for PBXProject "AFJ-Visual-Swift" */;
			compatibilityVersion = "Xcode 14.0";
			developmentRegion = en;
			hasScannedForEncodings = 0;
			knownRegions = (
				en,
				Base,
				"zh-Hans",
			);
			mainGroup = 066FFCCA2AC7B44000237A46;
			productRefGroup = 066FFCD42AC7B44000237A46 /* Products */;
			projectDirPath = "";
			projectRoot = "";
			targets = (
				066FFCD22AC7B44000237A46 /* AFJ-Visual-Swift */,
				066FFCE82AC7B44300237A46 /* AFJ-Visual-SwiftTests */,
				066FFCF22AC7B44300237A46 /* AFJ-Visual-SwiftUITests */,
			);
		};
/* End PBXProject section */

/* Begin PBXResourcesBuildPhase section */
		066FFCD12AC7B44000237A46 /* Resources */ = {
			isa = PBXResourcesBuildPhase;
			buildActionMask = 2147483647;
			files = (
				066FFCDE2AC7B44200237A46 /* Preview Assets.xcassets in Resources */,
				066FFCDB2AC7B44200237A46 /* Assets.xcassets in Resources */,
			);
			runOnlyForDeploymentPostprocessing = 0;
		};
		066FFCE72AC7B44300237A46 /* Resources */ = {
			isa = PBXResourcesBuildPhase;
			buildActionMask = 2147483647;
			files = (
			);
			runOnlyForDeploymentPostprocessing = 0;
		};
		066FFCF12AC7B44300237A46 /* Resources */ = {
			isa = PBXResourcesBuildPhase;
			buildActionMask = 2147483647;
			files = (
			);
			runOnlyForDeploymentPostprocessing = 0;
		};
/* End PBXResourcesBuildPhase section */

/* Begin PBXShellScriptBuildPhase section */
		55339C8E47A8ACE7748C1044 /* [CP] Check Pods Manifest.lock */ = {
			isa = PBXShellScriptBuildPhase;
			buildActionMask = 2147483647;
			files = (
			);
			inputFileListPaths = (
			);
			inputPaths = (
				"${PODS_PODFILE_DIR_PATH}/Podfile.lock",
				"${PODS_ROOT}/Manifest.lock",
			);
			name = "[CP] Check Pods Manifest.lock";
			outputFileListPaths = (
			);
			outputPaths = (
				"$(DERIVED_FILE_DIR)/Pods-AFJ-Visual-Swift-AFJ-Visual-SwiftUITests-checkManifestLockResult.txt",
			);
			runOnlyForDeploymentPostprocessing = 0;
			shellPath = /bin/sh;
			shellScript = "diff \"${PODS_PODFILE_DIR_PATH}/Podfile.lock\" \"${PODS_ROOT}/Manifest.lock\" > /dev/null\nif [ $? != 0 ] ; then\n    # print error to STDERR\n    echo \"error: The sandbox is not in sync with the Podfile.lock. Run 'pod install' or update your CocoaPods installation.\" >&2\n    exit 1\nfi\n# This output is used by Xcode 'outputs' to avoid re-running this script phase.\necho \"SUCCESS\" > \"${SCRIPT_OUTPUT_FILE_0}\"\n";
			showEnvVarsInLog = 0;
		};
		A16C838B4090694591951D1E /* [CP] Check Pods Manifest.lock */ = {
			isa = PBXShellScriptBuildPhase;
			buildActionMask = 2147483647;
			files = (
			);
			inputFileListPaths = (
			);
			inputPaths = (
				"${PODS_PODFILE_DIR_PATH}/Podfile.lock",
				"${PODS_ROOT}/Manifest.lock",
			);
			name = "[CP] Check Pods Manifest.lock";
			outputFileListPaths = (
			);
			outputPaths = (
				"$(DERIVED_FILE_DIR)/Pods-AFJ-Visual-SwiftTests-checkManifestLockResult.txt",
			);
			runOnlyForDeploymentPostprocessing = 0;
			shellPath = /bin/sh;
			shellScript = "diff \"${PODS_PODFILE_DIR_PATH}/Podfile.lock\" \"${PODS_ROOT}/Manifest.lock\" > /dev/null\nif [ $? != 0 ] ; then\n    # print error to STDERR\n    echo \"error: The sandbox is not in sync with the Podfile.lock. Run 'pod install' or update your CocoaPods installation.\" >&2\n    exit 1\nfi\n# This output is used by Xcode 'outputs' to avoid re-running this script phase.\necho \"SUCCESS\" > \"${SCRIPT_OUTPUT_FILE_0}\"\n";
			showEnvVarsInLog = 0;
		};
		F53E145E497C6BEE94EFDE86 /* [CP] Check Pods Manifest.lock */ = {
			isa = PBXShellScriptBuildPhase;
			buildActionMask = 2147483647;
			files = (
			);
			inputFileListPaths = (
			);
			inputPaths = (
				"${PODS_PODFILE_DIR_PATH}/Podfile.lock",
				"${PODS_ROOT}/Manifest.lock",
			);
			name = "[CP] Check Pods Manifest.lock";
			outputFileListPaths = (
			);
			outputPaths = (
				"$(DERIVED_FILE_DIR)/Pods-AFJ-Visual-Swift-checkManifestLockResult.txt",
			);
			runOnlyForDeploymentPostprocessing = 0;
			shellPath = /bin/sh;
			shellScript = "diff \"${PODS_PODFILE_DIR_PATH}/Podfile.lock\" \"${PODS_ROOT}/Manifest.lock\" > /dev/null\nif [ $? != 0 ] ; then\n    # print error to STDERR\n    echo \"error: The sandbox is not in sync with the Podfile.lock. Run 'pod install' or update your CocoaPods installation.\" >&2\n    exit 1\nfi\n# This output is used by Xcode 'outputs' to avoid re-running this script phase.\necho \"SUCCESS\" > \"${SCRIPT_OUTPUT_FILE_0}\"\n";
			showEnvVarsInLog = 0;
		};
/* End PBXShellScriptBuildPhase section */

/* Begin PBXSourcesBuildPhase section */
		066FFCCF2AC7B44000237A46 /* Sources */ = {
			isa = PBXSourcesBuildPhase;
			buildActionMask = 2147483647;
			files = (
				066FFCE02AC7B44200237A46 /* Persistence.swift in Sources */,
				066FFCE32AC7B44200237A46 /* AFJ_Visual_Swift.xcdatamodeld in Sources */,
				066FFCD92AC7B44000237A46 /* ContentView.swift in Sources */,
				066FFCD72AC7B44000237A46 /* AFJ_Visual_SwiftApp.swift in Sources */,
			);
			runOnlyForDeploymentPostprocessing = 0;
		};
		066FFCE52AC7B44300237A46 /* Sources */ = {
			isa = PBXSourcesBuildPhase;
			buildActionMask = 2147483647;
			files = (
				066FFCEE2AC7B44300237A46 /* AFJ_Visual_SwiftTests.swift in Sources */,
			);
			runOnlyForDeploymentPostprocessing = 0;
		};
		066FFCEF2AC7B44300237A46 /* Sources */ = {
			isa = PBXSourcesBuildPhase;
			buildActionMask = 2147483647;
			files = (
				066FFCFA2AC7B44300237A46 /* AFJ_Visual_SwiftUITestsLaunchTests.swift in Sources */,
				066FFCF82AC7B44300237A46 /* AFJ_Visual_SwiftUITests.swift in Sources */,
			);
			runOnlyForDeploymentPostprocessing = 0;
		};
/* End PBXSourcesBuildPhase section */

/* Begin PBXTargetDependency section */
		066FFCEB2AC7B44300237A46 /* PBXTargetDependency */ = {
			isa = PBXTargetDependency;
			target = 066FFCD22AC7B44000237A46 /* AFJ-Visual-Swift */;
			targetProxy = 066FFCEA2AC7B44300237A46 /* PBXContainerItemProxy */;
		};
		066FFCF52AC7B44300237A46 /* PBXTargetDependency */ = {
			isa = PBXTargetDependency;
			target = 066FFCD22AC7B44000237A46 /* AFJ-Visual-Swift */;
			targetProxy = 066FFCF42AC7B44300237A46 /* PBXContainerItemProxy */;
		};
/* End PBXTargetDependency section */

/* Begin XCBuildConfiguration section */
		066FFCFB2AC7B44300237A46 /* Debug */ = {
			isa = XCBuildConfiguration;
			buildSettings = {
				ALWAYS_SEARCH_USER_PATHS = NO;
				CLANG_ANALYZER_NONNULL = YES;
				CLANG_ANALYZER_NUMBER_OBJECT_CONVERSION = YES_AGGRESSIVE;
				CLANG_CXX_LANGUAGE_STANDARD = "gnu++20";
				CLANG_ENABLE_MODULES = YES;
				CLANG_ENABLE_OBJC_ARC = YES;
				CLANG_ENABLE_OBJC_WEAK = YES;
				CLANG_WARN_BLOCK_CAPTURE_AUTORELEASING = YES;
				CLANG_WARN_BOOL_CONVERSION = YES;
				CLANG_WARN_COMMA = YES;
				CLANG_WARN_CONSTANT_CONVERSION = YES;
				CLANG_WARN_DEPRECATED_OBJC_IMPLEMENTATIONS = YES;
				CLANG_WARN_DIRECT_OBJC_ISA_USAGE = YES_ERROR;
				CLANG_WARN_DOCUMENTATION_COMMENTS = YES;
				CLANG_WARN_EMPTY_BODY = YES;
				CLANG_WARN_ENUM_CONVERSION = YES;
				CLANG_WARN_INFINITE_RECURSION = YES;
				CLANG_WARN_INT_CONVERSION = YES;
				CLANG_WARN_NON_LITERAL_NULL_CONVERSION = YES;
				CLANG_WARN_OBJC_IMPLICIT_RETAIN_SELF = YES;
				CLANG_WARN_OBJC_LITERAL_CONVERSION = YES;
				CLANG_WARN_OBJC_ROOT_CLASS = YES_ERROR;
				CLANG_WARN_QUOTED_INCLUDE_IN_FRAMEWORK_HEADER = YES;
				CLANG_WARN_RANGE_LOOP_ANALYSIS = YES;
				CLANG_WARN_STRICT_PROTOTYPES = YES;
				CLANG_WARN_SUSPICIOUS_MOVE = YES;
				CLANG_WARN_UNGUARDED_AVAILABILITY = YES_AGGRESSIVE;
				CLANG_WARN_UNREACHABLE_CODE = YES;
				CLANG_WARN__DUPLICATE_METHOD_MATCH = YES;
				COPY_PHASE_STRIP = NO;
				DEBUG_INFORMATION_FORMAT = dwarf;
				ENABLE_STRICT_OBJC_MSGSEND = YES;
				ENABLE_TESTABILITY = YES;
				GCC_C_LANGUAGE_STANDARD = gnu11;
				GCC_DYNAMIC_NO_PIC = NO;
				GCC_NO_COMMON_BLOCKS = YES;
				GCC_OPTIMIZATION_LEVEL = 0;
				GCC_PREPROCESSOR_DEFINITIONS = (
					"DEBUG=1",
					"$(inherited)",
				);
				GCC_WARN_64_TO_32_BIT_CONVERSION = YES;
				GCC_WARN_ABOUT_RETURN_TYPE = YES_ERROR;
				GCC_WARN_UNDECLARED_SELECTOR = YES;
				GCC_WARN_UNINITIALIZED_AUTOS = YES_AGGRESSIVE;
				GCC_WARN_UNUSED_FUNCTION = YES;
				GCC_WARN_UNUSED_VARIABLE = YES;
				IPHONEOS_DEPLOYMENT_TARGET = 16.2;
				MTL_ENABLE_DEBUG_INFO = INCLUDE_SOURCE;
				MTL_FAST_MATH = YES;
				ONLY_ACTIVE_ARCH = YES;
				SDKROOT = iphoneos;
				SWIFT_ACTIVE_COMPILATION_CONDITIONS = DEBUG;
				SWIFT_OPTIMIZATION_LEVEL = "-Onone";
			};
			name = Debug;
		};
		066FFCFC2AC7B44300237A46 /* Release */ = {
			isa = XCBuildConfiguration;
			buildSettings = {
				ALWAYS_SEARCH_USER_PATHS = NO;
				CLANG_ANALYZER_NONNULL = YES;
				CLANG_ANALYZER_NUMBER_OBJECT_CONVERSION = YES_AGGRESSIVE;
				CLANG_CXX_LANGUAGE_STANDARD = "gnu++20";
				CLANG_ENABLE_MODULES = YES;
				CLANG_ENABLE_OBJC_ARC = YES;
				CLANG_ENABLE_OBJC_WEAK = YES;
				CLANG_WARN_BLOCK_CAPTURE_AUTORELEASING = YES;
				CLANG_WARN_BOOL_CONVERSION = YES;
				CLANG_WARN_COMMA = YES;
				CLANG_WARN_CONSTANT_CONVERSION = YES;
				CLANG_WARN_DEPRECATED_OBJC_IMPLEMENTATIONS = YES;
				CLANG_WARN_DIRECT_OBJC_ISA_USAGE = YES_ERROR;
				CLANG_WARN_DOCUMENTATION_COMMENTS = YES;
				CLANG_WARN_EMPTY_BODY = YES;
				CLANG_WARN_ENUM_CONVERSION = YES;
				CLANG_WARN_INFINITE_RECURSION = YES;
				CLANG_WARN_INT_CONVERSION = YES;
				CLANG_WARN_NON_LITERAL_NULL_CONVERSION = YES;
				CLANG_WARN_OBJC_IMPLICIT_RETAIN_SELF = YES;
				CLANG_WARN_OBJC_LITERAL_CONVERSION = YES;
				CLANG_WARN_OBJC_ROOT_CLASS = YES_ERROR;
				CLANG_WARN_QUOTED_INCLUDE_IN_FRAMEWORK_HEADER = YES;
				CLANG_WARN_RANGE_LOOP_ANALYSIS = YES;
				CLANG_WARN_STRICT_PROTOTYPES = YES;
				CLANG_WARN_SUSPICIOUS_MOVE = YES;
				CLANG_WARN_UNGUARDED_AVAILABILITY = YES_AGGRESSIVE;
				CLANG_WARN_UNREACHABLE_CODE = YES;
				CLANG_WARN__DUPLICATE_METHOD_MATCH = YES;
				COPY_PHASE_STRIP = NO;
				DEBUG_INFORMATION_FORMAT = "dwarf-with-dsym";
				ENABLE_NS_ASSERTIONS = NO;
				ENABLE_STRICT_OBJC_MSGSEND = YES;
				GCC_C_LANGUAGE_STANDARD = gnu11;
				GCC_NO_COMMON_BLOCKS = YES;
				GCC_WARN_64_TO_32_BIT_CONVERSION = YES;
				GCC_WARN_ABOUT_RETURN_TYPE = YES_ERROR;
				GCC_WARN_UNDECLARED_SELECTOR = YES;
				GCC_WARN_UNINITIALIZED_AUTOS = YES_AGGRESSIVE;
				GCC_WARN_UNUSED_FUNCTION = YES;
				GCC_WARN_UNUSED_VARIABLE = YES;
				IPHONEOS_DEPLOYMENT_TARGET = 16.2;
				MTL_ENABLE_DEBUG_INFO = NO;
				MTL_FAST_MATH = YES;
				SDKROOT = iphoneos;
				SWIFT_COMPILATION_MODE = wholemodule;
				SWIFT_OPTIMIZATION_LEVEL = "-O";
				VALIDATE_PRODUCT = YES;
			};
			name = Release;
		};
		066FFCFE2AC7B44300237A46 /* Debug */ = {
			isa = XCBuildConfiguration;
			baseConfigurationReference = A069F186FA59B1CB7A54BC96 /* Pods-AFJ-Visual-Swift.debug.xcconfig */;
			buildSettings = {
				ASSETCATALOG_COMPILER_APPICON_NAME = AppIcon;
				ASSETCATALOG_COMPILER_GLOBAL_ACCENT_COLOR_NAME = AccentColor;
				CODE_SIGN_IDENTITY = "Apple Development";
				"CODE_SIGN_IDENTITY[sdk=iphoneos*]" = "iPhone Distribution";
				CODE_SIGN_STYLE = Manual;
				CURRENT_PROJECT_VERSION = 8;
				DEVELOPMENT_ASSET_PATHS = "\"AFJ-Visual-Swift/Preview Content\"";
				DEVELOPMENT_TEAM = "";
				"DEVELOPMENT_TEAM[sdk=iphoneos*]" = UM464N7T4S;
				ENABLE_PREVIEWS = YES;
				GENERATE_INFOPLIST_FILE = YES;
				INFOPLIST_KEY_UIApplicationSceneManifest_Generation = YES;
				INFOPLIST_KEY_UIApplicationSupportsIndirectInputEvents = YES;
				INFOPLIST_KEY_UILaunchScreen_Generation = YES;
				INFOPLIST_KEY_UISupportedInterfaceOrientations_iPad = "UIInterfaceOrientationPortrait UIInterfaceOrientationPortraitUpsideDown UIInterfaceOrientationLandscapeLeft UIInterfaceOrientationLandscapeRight";
				INFOPLIST_KEY_UISupportedInterfaceOrientations_iPhone = "UIInterfaceOrientationPortrait UIInterfaceOrientationLandscapeLeft UIInterfaceOrientationLandscapeRight";
				LD_RUNPATH_SEARCH_PATHS = (
					"$(inherited)",
					"@executable_path/Frameworks",
				);
				MARKETING_VERSION = 1.0;
				PRODUCT_BUNDLE_IDENTIFIER = "com.alfred.AFJ-Visual-Swift";
				PRODUCT_NAME = "$(TARGET_NAME)";
				PROVISIONING_PROFILE_SPECIFIER = "";
				"PROVISIONING_PROFILE_SPECIFIER[sdk=iphoneos*]" = "match AdHoc com.alfred.AFJ-Visual-Swift";
				SWIFT_EMIT_LOC_STRINGS = YES;
				SWIFT_VERSION = 5.0;
				TARGETED_DEVICE_FAMILY = "1,2";
			};
			name = Debug;
		};
		066FFCFF2AC7B44300237A46 /* Release */ = {
			isa = XCBuildConfiguration;
			baseConfigurationReference = 10C7E3A5BCD52A274BDF4082 /* Pods-AFJ-Visual-Swift.release.xcconfig */;
			buildSettings = {
				ASSETCATALOG_COMPILER_APPICON_NAME = AppIcon;
				ASSETCATALOG_COMPILER_GLOBAL_ACCENT_COLOR_NAME = AccentColor;
				CODE_SIGN_IDENTITY = "Apple Development";
				"CODE_SIGN_IDENTITY[sdk=iphoneos*]" = "iPhone Distribution";
				CODE_SIGN_STYLE = Manual;
				CURRENT_PROJECT_VERSION = 8;
				DEVELOPMENT_ASSET_PATHS = "\"AFJ-Visual-Swift/Preview Content\"";
				DEVELOPMENT_TEAM = "";
				"DEVELOPMENT_TEAM[sdk=iphoneos*]" = UM464N7T4S;
				ENABLE_PREVIEWS = YES;
				GENERATE_INFOPLIST_FILE = YES;
				INFOPLIST_KEY_UIApplicationSceneManifest_Generation = YES;
				INFOPLIST_KEY_UIApplicationSupportsIndirectInputEvents = YES;
				INFOPLIST_KEY_UILaunchScreen_Generation = YES;
				INFOPLIST_KEY_UISupportedInterfaceOrientations_iPad = "UIInterfaceOrientationPortrait UIInterfaceOrientationPortraitUpsideDown UIInterfaceOrientationLandscapeLeft UIInterfaceOrientationLandscapeRight";
				INFOPLIST_KEY_UISupportedInterfaceOrientations_iPhone = "UIInterfaceOrientationPortrait UIInterfaceOrientationLandscapeLeft UIInterfaceOrientationLandscapeRight";
				LD_RUNPATH_SEARCH_PATHS = (
					"$(inherited)",
					"@executable_path/Frameworks",
				);
				MARKETING_VERSION = 1.0;
				PRODUCT_BUNDLE_IDENTIFIER = "com.alfred.AFJ-Visual-Swift";
				PRODUCT_NAME = "$(TARGET_NAME)";
				PROVISIONING_PROFILE_SPECIFIER = "";
				"PROVISIONING_PROFILE_SPECIFIER[sdk=iphoneos*]" = "match AdHoc com.alfred.AFJ-Visual-Swift";
				SWIFT_EMIT_LOC_STRINGS = YES;
				SWIFT_VERSION = 5.0;
				TARGETED_DEVICE_FAMILY = "1,2";
			};
			name = Release;
		};
		066FFD012AC7B44300237A46 /* Debug */ = {
			isa = XCBuildConfiguration;
			baseConfigurationReference = 28930ECAEEB76BC4005A16C7 /* Pods-AFJ-Visual-SwiftTests.debug.xcconfig */;
			buildSettings = {
				ALWAYS_EMBED_SWIFT_STANDARD_LIBRARIES = YES;
				BUNDLE_LOADER = "$(TEST_HOST)";
				"CODE_SIGN_IDENTITY[sdk=iphoneos*]" = "iPhone Distribution";
				CODE_SIGN_STYLE = Manual;
				CURRENT_PROJECT_VERSION = 8;
				DEVELOPMENT_TEAM = "";
				"DEVELOPMENT_TEAM[sdk=iphoneos*]" = "";
				"DEVELOPMENT_TEAM[sdk=macosx*]" = "";
				GENERATE_INFOPLIST_FILE = YES;
				IPHONEOS_DEPLOYMENT_TARGET = 16.2;
				MARKETING_VERSION = 1.0;
				PRODUCT_BUNDLE_IDENTIFIER = "com.alfred.AFJ-Visual-SwiftTests";
				PRODUCT_NAME = "$(TARGET_NAME)";
				PROVISIONING_PROFILE_SPECIFIER = "";
				"PROVISIONING_PROFILE_SPECIFIER[sdk=iphoneos*]" = "";
				"PROVISIONING_PROFILE_SPECIFIER[sdk=macosx*]" = "";
				SWIFT_EMIT_LOC_STRINGS = NO;
				SWIFT_VERSION = 5.0;
				TARGETED_DEVICE_FAMILY = "1,2";
				TEST_HOST = "$(BUILT_PRODUCTS_DIR)/AFJ-Visual-Swift.app/$(BUNDLE_EXECUTABLE_FOLDER_PATH)/AFJ-Visual-Swift";
			};
			name = Debug;
		};
		066FFD022AC7B44300237A46 /* Release */ = {
			isa = XCBuildConfiguration;
			baseConfigurationReference = 076CE67088EC396D38E2C0FF /* Pods-AFJ-Visual-SwiftTests.release.xcconfig */;
			buildSettings = {
				ALWAYS_EMBED_SWIFT_STANDARD_LIBRARIES = YES;
				BUNDLE_LOADER = "$(TEST_HOST)";
				"CODE_SIGN_IDENTITY[sdk=iphoneos*]" = "iPhone Distribution";
				CODE_SIGN_STYLE = Manual;
				CURRENT_PROJECT_VERSION = 8;
				DEVELOPMENT_TEAM = "";
				"DEVELOPMENT_TEAM[sdk=iphoneos*]" = "";
				"DEVELOPMENT_TEAM[sdk=macosx*]" = "";
				GENERATE_INFOPLIST_FILE = YES;
				IPHONEOS_DEPLOYMENT_TARGET = 16.2;
				MARKETING_VERSION = 1.0;
				PRODUCT_BUNDLE_IDENTIFIER = "com.alfred.AFJ-Visual-SwiftTests";
				PRODUCT_NAME = "$(TARGET_NAME)";
				PROVISIONING_PROFILE_SPECIFIER = "";
				"PROVISIONING_PROFILE_SPECIFIER[sdk=iphoneos*]" = "";
				"PROVISIONING_PROFILE_SPECIFIER[sdk=macosx*]" = "";
				SWIFT_EMIT_LOC_STRINGS = NO;
				SWIFT_VERSION = 5.0;
				TARGETED_DEVICE_FAMILY = "1,2";
				TEST_HOST = "$(BUILT_PRODUCTS_DIR)/AFJ-Visual-Swift.app/$(BUNDLE_EXECUTABLE_FOLDER_PATH)/AFJ-Visual-Swift";
			};
			name = Release;
		};
		066FFD042AC7B44300237A46 /* Debug */ = {
			isa = XCBuildConfiguration;
			baseConfigurationReference = 64D67DA6A4F4458A9CC1F958 /* Pods-AFJ-Visual-Swift-AFJ-Visual-SwiftUITests.debug.xcconfig */;
			buildSettings = {
				ALWAYS_EMBED_SWIFT_STANDARD_LIBRARIES = YES;
				CODE_SIGN_STYLE = Manual;
				CURRENT_PROJECT_VERSION = 8;
				DEVELOPMENT_TEAM = "";
				GENERATE_INFOPLIST_FILE = YES;
				MARKETING_VERSION = 1.0;
				PRODUCT_BUNDLE_IDENTIFIER = "com.alfred.AFJ-Visual-SwiftUITests";
				PRODUCT_NAME = "$(TARGET_NAME)";
				PROVISIONING_PROFILE_SPECIFIER = "";
				SWIFT_EMIT_LOC_STRINGS = NO;
				SWIFT_VERSION = 5.0;
				TARGETED_DEVICE_FAMILY = "1,2";
				TEST_TARGET_NAME = "AFJ-Visual-Swift";
			};
			name = Debug;
		};
		066FFD052AC7B44300237A46 /* Release */ = {
			isa = XCBuildConfiguration;
			baseConfigurationReference = 30B1A7437DBAEE82F025449C /* Pods-AFJ-Visual-Swift-AFJ-Visual-SwiftUITests.release.xcconfig */;
			buildSettings = {
				ALWAYS_EMBED_SWIFT_STANDARD_LIBRARIES = YES;
				CODE_SIGN_STYLE = Manual;
				CURRENT_PROJECT_VERSION = 8;
				DEVELOPMENT_TEAM = "";
				GENERATE_INFOPLIST_FILE = YES;
				MARKETING_VERSION = 1.0;
				PRODUCT_BUNDLE_IDENTIFIER = "com.alfred.AFJ-Visual-SwiftUITests";
				PRODUCT_NAME = "$(TARGET_NAME)";
				PROVISIONING_PROFILE_SPECIFIER = "";
				SWIFT_EMIT_LOC_STRINGS = NO;
				SWIFT_VERSION = 5.0;
				TARGETED_DEVICE_FAMILY = "1,2";
				TEST_TARGET_NAME = "AFJ-Visual-Swift";
			};
			name = Release;
		};
/* End XCBuildConfiguration section */

/* Begin XCConfigurationList section */
		066FFCCE2AC7B44000237A46 /* Build configuration list for PBXProject "AFJ-Visual-Swift" */ = {
			isa = XCConfigurationList;
			buildConfigurations = (
				066FFCFB2AC7B44300237A46 /* Debug */,
				066FFCFC2AC7B44300237A46 /* Release */,
			);
			defaultConfigurationIsVisible = 0;
			defaultConfigurationName = Release;
		};
		066FFCFD2AC7B44300237A46 /* Build configuration list for PBXNativeTarget "AFJ-Visual-Swift" */ = {
			isa = XCConfigurationList;
			buildConfigurations = (
				066FFCFE2AC7B44300237A46 /* Debug */,
				066FFCFF2AC7B44300237A46 /* Release */,
			);
			defaultConfigurationIsVisible = 0;
			defaultConfigurationName = Release;
		};
		066FFD002AC7B44300237A46 /* Build configuration list for PBXNativeTarget "AFJ-Visual-SwiftTests" */ = {
			isa = XCConfigurationList;
			buildConfigurations = (
				066FFD012AC7B44300237A46 /* Debug */,
				066FFD022AC7B44300237A46 /* Release */,
			);
			defaultConfigurationIsVisible = 0;
			defaultConfigurationName = Release;
		};
		066FFD032AC7B44300237A46 /* Build configuration list for PBXNativeTarget "AFJ-Visual-SwiftUITests" */ = {
			isa = XCConfigurationList;
			buildConfigurations = (
				066FFD042AC7B44300237A46 /* Debug */,
				066FFD052AC7B44300237A46 /* Release */,
			);
			defaultConfigurationIsVisible = 0;
			defaultConfigurationName = Release;
		};
/* End XCConfigurationList section */

/* Begin XCVersionGroup section */
		066FFCE12AC7B44200237A46 /* AFJ_Visual_Swift.xcdatamodeld */ = {
			isa = XCVersionGroup;
			children = (
				066FFCE22AC7B44200237A46 /* AFJ_Visual_Swift.xcdatamodel */,
			);
			currentVersion = 066FFCE22AC7B44200237A46 /* AFJ_Visual_Swift.xcdatamodel */;
			path = AFJ_Visual_Swift.xcdatamodeld;
			sourceTree = "<group>";
			versionGroupType = wrapper.xcdatamodel;
		};
/* End XCVersionGroup section */
	};
	rootObject = 066FFCCB2AC7B44000237A46 /* Project object */;
}
